
Microsoft Visual Studio Solution File, Format Version 12.00
# Visual Studio Version 17
VisualStudioVersion = 17.4.33205.214
MinimumVisualStudioVersion = 10.0.40219.1
Project("{9A19103F-16F7-4668-BE54-9A1E7A4F7556}") = "DeveloperSample", "DeveloperSample.csproj", "{A547C1E8-1DC4-435D-907C-3E46480AFBEE}"
EndProject
Global
	GlobalSection(SolutionConfigurationPlatforms) = preSolution
		Debug|Any CPU = Debug|Any CPU
		Release|Any CPU = Release|Any CPU
	EndGlobalSection
	GlobalSection(ProjectConfigurationPlatforms) = postSolution
		{A547C1E8-1DC4-435D-907C-3E46480AFBEE}.Debug|Any CPU.ActiveCfg = Debug|Any CPU
		{A547C1E8-1DC4-435D-907C-3E46480AFBEE}.Debug|Any CPU.Build.0 = Debug|Any CPU
		{A547C1E8-1DC4-435D-907C-3E46480AFBEE}.Release|Any CPU.ActiveCfg = Release|Any CPU
		{A547C1E8-1DC4-435D-907C-3E46480AFBEE}.Release|Any CPU.Build.0 = Release|Any CPU
	EndGlobalSection
	GlobalSection(SolutionProperties) = preSolution
		HideSolutionNode = FALSE
	EndGlobalSection
	GlobalSection(ExtensibilityGlobals) = postSolution
		SolutionGuid = {13E55593-84C3-467E-A705-50681FFC714D}
	EndGlobalSection
EndGlobal
